
Microsoft Visual Studio Solution File, Format Version 12.00
# Visual Studio Version 17
VisualStudioVersion = 17.14.36414.22 d17.14
MinimumVisualStudioVersion = 10.0.40219.1
Project("{FAE04EC0-301F-11D3-BF4B-00C04F79EFBC}") = "probe_nunit", "probe_nunit\probe_nunit.csproj", "{BE77C50F-C150-4A0D-8350-3CCC89D7D7F8}"
EndProject
Global
	GlobalSection(SolutionConfigurationPlatforms) = preSolution
		Debug|Any CPU = Debug|Any CPU
		Release|Any CPU = Release|Any CPU
	EndGlobalSection
	GlobalSection(ProjectConfigurationPlatforms) = postSolution
		{BE77C50F-C150-4A0D-8350-3CCC89D7D7F8}.Debug|Any CPU.ActiveCfg = Debug|Any CPU
		{BE77C50F-C150-4A0D-8350-3CCC89D7D7F8}.Debug|Any CPU.Build.0 = Debug|Any CPU
		{BE77C50F-C150-4A0D-8350-3CCC89D7D7F8}.Release|Any CPU.ActiveCfg = Release|Any CPU
		{BE77C50F-C150-4A0D-8350-3CCC89D7D7F8}.Release|Any CPU.Build.0 = Release|Any CPU
	EndGlobalSection
	GlobalSection(SolutionProperties) = preSolution
		HideSolutionNode = FALSE
	EndGlobalSection
	GlobalSection(ExtensibilityGlobals) = postSolution
		SolutionGuid = {2CDDB01A-E15A-4FE8-9F06-CEDC8527B243}
	EndGlobalSection
EndGlobal
